
Microsoft Visual Studio Solution File, Format Version 12.00
# Visual Studio Version 17
VisualStudioVersion = 17.9.34728.123
MinimumVisualStudioVersion = 10.0.40219.1
Project("{FAE04EC0-301F-11D3-BF4B-00C04F79EFBC}") = "LibraryWebApp", "LibraryWebApp\LibraryWebApp.csproj", "{BFC92E61-43F6-43CD-B916-C27E228BDEAB}"
EndProject
Global
	GlobalSection(SolutionConfigurationPlatforms) = preSolution
		Debug|Any CPU = Debug|Any CPU
		Release|Any CPU = Release|Any CPU
	EndGlobalSection
	GlobalSection(ProjectConfigurationPlatforms) = postSolution
		{BFC92E61-43F6-43CD-B916-C27E228BDEAB}.Debug|Any CPU.ActiveCfg = Debug|Any CPU
		{BFC92E61-43F6-43CD-B916-C27E228BDEAB}.Debug|Any CPU.Build.0 = Debug|Any CPU
		{BFC92E61-43F6-43CD-B916-C27E228BDEAB}.Release|Any CPU.ActiveCfg = Release|Any CPU
		{BFC92E61-43F6-43CD-B916-C27E228BDEAB}.Release|Any CPU.Build.0 = Release|Any CPU
	EndGlobalSection
	GlobalSection(SolutionProperties) = preSolution
		HideSolutionNode = FALSE
	EndGlobalSection
	GlobalSection(ExtensibilityGlobals) = postSolution
		SolutionGuid = {A920AEC9-ED4B-4687-ACDA-18E2F6DE8428}
	EndGlobalSection
EndGlobal
